{
    "name": "examples",
    "lockfileVersion": 2,
    "requires": true,
    "packages": {
        "": {
            "dependencies": {
                "load-folders": "file:.."
            }
        },
        "..": {
            "version": "1.0.0"
        },
        "../^1.0.0": {
            "extraneous": true
        },
        "node_modules/load-folders": {
            "resolved": "..",
            "link": true
        }
    },
    "dependencies": {
        "load-folders": {
            "version": "file:.."
        }
    }
}
